
Microsoft Visual Studio Solution File, Format Version 12.00
# Visual Studio Version 16
VisualStudioVersion = 16.0.30711.63
MinimumVisualStudioVersion = 10.0.40219.1
Project("{FAE04EC0-301F-11D3-BF4B-00C04F79EFBC}") = "EventWebApp", "EventWebApp\EventWebApp.csproj", "{A95D4047-1628-4EC6-B67F-4B60347E901E}"
EndProject
Global
	GlobalSection(SolutionConfigurationPlatforms) = preSolution
		Debug|Any CPU = Debug|Any CPU
		Release|Any CPU = Release|Any CPU
	EndGlobalSection
	GlobalSection(ProjectConfigurationPlatforms) = postSolution
		{A95D4047-1628-4EC6-B67F-4B60347E901E}.Debug|Any CPU.ActiveCfg = Debug|Any CPU
		{A95D4047-1628-4EC6-B67F-4B60347E901E}.Debug|Any CPU.Build.0 = Debug|Any CPU
		{A95D4047-1628-4EC6-B67F-4B60347E901E}.Release|Any CPU.ActiveCfg = Release|Any CPU
		{A95D4047-1628-4EC6-B67F-4B60347E901E}.Release|Any CPU.Build.0 = Release|Any CPU
	EndGlobalSection
	GlobalSection(SolutionProperties) = preSolution
		HideSolutionNode = FALSE
	EndGlobalSection
	GlobalSection(ExtensibilityGlobals) = postSolution
		SolutionGuid = {4FA6F758-05C8-476F-B73C-7A1B5BAFA1AA}
	EndGlobalSection
EndGlobal
